Microsoft Visual Studio Solution File, Format Version 12.00
# Visual Studio Version 17
VisualStudioVersion = 17.5.2.0
MinimumVisualStudioVersion = 10.0.40219.1
Project("{FAE04EC0-301F-11D3-BF4B-00C04F79EFBC}") = "SDAWorshipDraft", "SDAWorshipDraft\SDAWorshipDraft.csproj", "{0809E205-BB0B-6AD9-838B-DD80F7DF88CB}"
EndProject
Global
	GlobalSection(SolutionConfigurationPlatforms) = preSolution
		Debug|Any CPU = Debug|Any CPU
		Release|Any CPU = Release|Any CPU
	EndGlobalSection
	GlobalSection(ProjectConfigurationPlatforms) = postSolution
		{0809E205-BB0B-6AD9-838B-DD80F7DF88CB}.Debug|Any CPU.ActiveCfg = Debug|Any CPU
		{0809E205-BB0B-6AD9-838B-DD80F7DF88CB}.Debug|Any CPU.Build.0 = Debug|Any CPU
		{0809E205-BB0B-6AD9-838B-DD80F7DF88CB}.Release|Any CPU.ActiveCfg = Release|Any CPU
		{0809E205-BB0B-6AD9-838B-DD80F7DF88CB}.Release|Any CPU.Build.0 = Release|Any CPU
	EndGlobalSection
	GlobalSection(SolutionProperties) = preSolution
		HideSolutionNode = FALSE
	EndGlobalSection
	GlobalSection(ExtensibilityGlobals) = postSolution
		SolutionGuid = {4D26CAB7-1345-490A-AF11-1117E1F72E89}
	EndGlobalSection
EndGlobal
